
Microsoft Visual Studio Solution File, Format Version 12.00
# Visual Studio Version 17
VisualStudioVersion = 17.3.32922.545
MinimumVisualStudioVersion = 10.0.40219.1
Project("{8BC9CEB8-8B4A-11D0-8D11-00A0C91BC942}") = "lab6.1(rec)", "lab6.1(rec).vcxproj", "{8A03CF6D-71AF-4E79-BAC9-EBF92DA62BC4}"
EndProject
Project("{8BC9CEB8-8B4A-11D0-8D11-00A0C91BC942}") = "UnitTest1", "UnitTest1\UnitTest1.vcxproj", "{C436B19F-5B11-421D-874B-B8D3B5EE9DE7}"
EndProject
Global
	GlobalSection(SolutionConfigurationPlatforms) = preSolution
		Debug|x64 = Debug|x64
		Debug|x86 = Debug|x86
		Release|x64 = Release|x64
		Release|x86 = Release|x86
	EndGlobalSection
	GlobalSection(ProjectConfigurationPlatforms) = postSolution
		{8A03CF6D-71AF-4E79-BAC9-EBF92DA62BC4}.Debug|x64.ActiveCfg = Debug|x64
		{8A03CF6D-71AF-4E79-BAC9-EBF92DA62BC4}.Debug|x64.Build.0 = Debug|x64
		{8A03CF6D-71AF-4E79-BAC9-EBF92DA62BC4}.Debug|x86.ActiveCfg = Debug|Win32
		{8A03CF6D-71AF-4E79-BAC9-EBF92DA62BC4}.Debug|x86.Build.0 = Debug|Win32
		{8A03CF6D-71AF-4E79-BAC9-EBF92DA62BC4}.Release|x64.ActiveCfg = Release|x64
		{8A03CF6D-71AF-4E79-BAC9-EBF92DA62BC4}.Release|x64.Build.0 = Release|x64
		{8A03CF6D-71AF-4E79-BAC9-EBF92DA62BC4}.Release|x86.ActiveCfg = Release|Win32
		{8A03CF6D-71AF-4E79-BAC9-EBF92DA62BC4}.Release|x86.Build.0 = Release|Win32
		{C436B19F-5B11-421D-874B-B8D3B5EE9DE7}.Debug|x64.ActiveCfg = Debug|x64
		{C436B19F-5B11-421D-874B-B8D3B5EE9DE7}.Debug|x64.Build.0 = Debug|x64
		{C436B19F-5B11-421D-874B-B8D3B5EE9DE7}.Debug|x86.ActiveCfg = Debug|Win32
		{C436B19F-5B11-421D-874B-B8D3B5EE9DE7}.Debug|x86.Build.0 = Debug|Win32
		{C436B19F-5B11-421D-874B-B8D3B5EE9DE7}.Release|x64.ActiveCfg = Release|x64
		{C436B19F-5B11-421D-874B-B8D3B5EE9DE7}.Release|x64.Build.0 = Release|x64
		{C436B19F-5B11-421D-874B-B8D3B5EE9DE7}.Release|x86.ActiveCfg = Release|Win32
		{C436B19F-5B11-421D-874B-B8D3B5EE9DE7}.Release|x86.Build.0 = Release|Win32
	EndGlobalSection
	GlobalSection(SolutionProperties) = preSolution
		HideSolutionNode = FALSE
	EndGlobalSection
	GlobalSection(ExtensibilityGlobals) = postSolution
		SolutionGuid = {965ADB8D-FE80-4957-B0CC-5AAC57D726B2}
	EndGlobalSection
EndGlobal
