
Microsoft Visual Studio Solution File, Format Version 12.00
# Visual Studio Version 17
VisualStudioVersion = 17.3.32922.545
MinimumVisualStudioVersion = 10.0.40219.1
Project("{8BC9CEB8-8B4A-11D0-8D11-00A0C91BC942}") = "lab6.1(it)", "lab6.1(it).vcxproj", "{D93764C8-AAC6-44CF-82DB-43975B8C536F}"
EndProject
Project("{8BC9CEB8-8B4A-11D0-8D11-00A0C91BC942}") = "UnitTest1", "..\UnitTest1\UnitTest1.vcxproj", "{B68B4C39-A772-4B32-804D-BDC3A7F2EF2A}"
EndProject
Global
	GlobalSection(SolutionConfigurationPlatforms) = preSolution
		Debug|x64 = Debug|x64
		Debug|x86 = Debug|x86
		Release|x64 = Release|x64
		Release|x86 = Release|x86
	EndGlobalSection
	GlobalSection(ProjectConfigurationPlatforms) = postSolution
		{D93764C8-AAC6-44CF-82DB-43975B8C536F}.Debug|x64.ActiveCfg = Debug|x64
		{D93764C8-AAC6-44CF-82DB-43975B8C536F}.Debug|x64.Build.0 = Debug|x64
		{D93764C8-AAC6-44CF-82DB-43975B8C536F}.Debug|x86.ActiveCfg = Debug|Win32
		{D93764C8-AAC6-44CF-82DB-43975B8C536F}.Debug|x86.Build.0 = Debug|Win32
		{D93764C8-AAC6-44CF-82DB-43975B8C536F}.Release|x64.ActiveCfg = Release|x64
		{D93764C8-AAC6-44CF-82DB-43975B8C536F}.Release|x64.Build.0 = Release|x64
		{D93764C8-AAC6-44CF-82DB-43975B8C536F}.Release|x86.ActiveCfg = Release|Win32
		{D93764C8-AAC6-44CF-82DB-43975B8C536F}.Release|x86.Build.0 = Release|Win32
		{B68B4C39-A772-4B32-804D-BDC3A7F2EF2A}.Debug|x64.ActiveCfg = Debug|x64
		{B68B4C39-A772-4B32-804D-BDC3A7F2EF2A}.Debug|x64.Build.0 = Debug|x64
		{B68B4C39-A772-4B32-804D-BDC3A7F2EF2A}.Debug|x86.ActiveCfg = Debug|Win32
		{B68B4C39-A772-4B32-804D-BDC3A7F2EF2A}.Debug|x86.Build.0 = Debug|Win32
		{B68B4C39-A772-4B32-804D-BDC3A7F2EF2A}.Release|x64.ActiveCfg = Release|x64
		{B68B4C39-A772-4B32-804D-BDC3A7F2EF2A}.Release|x64.Build.0 = Release|x64
		{B68B4C39-A772-4B32-804D-BDC3A7F2EF2A}.Release|x86.ActiveCfg = Release|Win32
		{B68B4C39-A772-4B32-804D-BDC3A7F2EF2A}.Release|x86.Build.0 = Release|Win32
	EndGlobalSection
	GlobalSection(SolutionProperties) = preSolution
		HideSolutionNode = FALSE
	EndGlobalSection
	GlobalSection(ExtensibilityGlobals) = postSolution
		SolutionGuid = {C4FF258E-B6A9-4FBE-88BD-CC4C40A8AC9C}
	EndGlobalSection
EndGlobal
